
Microsoft Visual Studio Solution File, Format Version 12.00
# Visual Studio Version 16
VisualStudioVersion = 16.0.31613.86
MinimumVisualStudioVersion = 10.0.40219.1
Project("{FAE04EC0-301F-11D3-BF4B-00C04F79EFBC}") = "lab02", "lab02.csproj", "{BD923361-8D86-4672-9160-B2F401469159}"
EndProject
Global
	GlobalSection(SolutionConfigurationPlatforms) = preSolution
		Debug|Any CPU = Debug|Any CPU
		Release|Any CPU = Release|Any CPU
	EndGlobalSection
	GlobalSection(ProjectConfigurationPlatforms) = postSolution
		{BD923361-8D86-4672-9160-B2F401469159}.Debug|Any CPU.ActiveCfg = Debug|Any CPU
		{BD923361-8D86-4672-9160-B2F401469159}.Debug|Any CPU.Build.0 = Debug|Any CPU
		{BD923361-8D86-4672-9160-B2F401469159}.Release|Any CPU.ActiveCfg = Release|Any CPU
		{BD923361-8D86-4672-9160-B2F401469159}.Release|Any CPU.Build.0 = Release|Any CPU
	EndGlobalSection
	GlobalSection(SolutionProperties) = preSolution
		HideSolutionNode = FALSE
	EndGlobalSection
	GlobalSection(ExtensibilityGlobals) = postSolution
		SolutionGuid = {3BF0EBC0-6C2D-4759-AC31-BCF3632BB31F}
	EndGlobalSection
EndGlobal
