
Microsoft Visual Studio Solution File, Format Version 12.00
# Visual Studio Version 16
VisualStudioVersion = 16.0.31613.86
MinimumVisualStudioVersion = 10.0.40219.1
Project("{FAE04EC0-301F-11D3-BF4B-00C04F79EFBC}") = "lab09", "lab09.csproj", "{CFCE8186-EFF6-43CC-AC03-C243D9B79DC0}"
EndProject
Global
	GlobalSection(SolutionConfigurationPlatforms) = preSolution
		Debug|Any CPU = Debug|Any CPU
		Release|Any CPU = Release|Any CPU
	EndGlobalSection
	GlobalSection(ProjectConfigurationPlatforms) = postSolution
		{CFCE8186-EFF6-43CC-AC03-C243D9B79DC0}.Debug|Any CPU.ActiveCfg = Debug|Any CPU
		{CFCE8186-EFF6-43CC-AC03-C243D9B79DC0}.Debug|Any CPU.Build.0 = Debug|Any CPU
		{CFCE8186-EFF6-43CC-AC03-C243D9B79DC0}.Release|Any CPU.ActiveCfg = Release|Any CPU
		{CFCE8186-EFF6-43CC-AC03-C243D9B79DC0}.Release|Any CPU.Build.0 = Release|Any CPU
	EndGlobalSection
	GlobalSection(SolutionProperties) = preSolution
		HideSolutionNode = FALSE
	EndGlobalSection
	GlobalSection(ExtensibilityGlobals) = postSolution
		SolutionGuid = {C01D0035-8657-4DA8-A738-9888C45C1CDB}
	EndGlobalSection
EndGlobal
