
Microsoft Visual Studio Solution File, Format Version 12.00
# Visual Studio Version 16
VisualStudioVersion = 16.0.31613.86
MinimumVisualStudioVersion = 10.0.40219.1
Project("{FAE04EC0-301F-11D3-BF4B-00C04F79EFBC}") = "lab06", "lab06.csproj", "{1CB27390-3B57-42C1-9D95-F98A7C57F6A3}"
EndProject
Global
	GlobalSection(SolutionConfigurationPlatforms) = preSolution
		Debug|Any CPU = Debug|Any CPU
		Release|Any CPU = Release|Any CPU
	EndGlobalSection
	GlobalSection(ProjectConfigurationPlatforms) = postSolution
		{1CB27390-3B57-42C1-9D95-F98A7C57F6A3}.Debug|Any CPU.ActiveCfg = Debug|Any CPU
		{1CB27390-3B57-42C1-9D95-F98A7C57F6A3}.Debug|Any CPU.Build.0 = Debug|Any CPU
		{1CB27390-3B57-42C1-9D95-F98A7C57F6A3}.Release|Any CPU.ActiveCfg = Release|Any CPU
		{1CB27390-3B57-42C1-9D95-F98A7C57F6A3}.Release|Any CPU.Build.0 = Release|Any CPU
	EndGlobalSection
	GlobalSection(SolutionProperties) = preSolution
		HideSolutionNode = FALSE
	EndGlobalSection
	GlobalSection(ExtensibilityGlobals) = postSolution
		SolutionGuid = {CDBF3BFB-19D4-4369-BA11-293604637AB7}
	EndGlobalSection
EndGlobal
