
Microsoft Visual Studio Solution File, Format Version 12.00
# Visual Studio Version 16
VisualStudioVersion = 16.0.31613.86
MinimumVisualStudioVersion = 10.0.40219.1
Project("{FAE04EC0-301F-11D3-BF4B-00C04F79EFBC}") = "prjLab01-2", "prjLab01-2.csproj", "{D5806802-A8E6-4D46-87A9-788A5E2CC888}"
EndProject
Global
	GlobalSection(SolutionConfigurationPlatforms) = preSolution
		Debug|Any CPU = Debug|Any CPU
		Release|Any CPU = Release|Any CPU
	EndGlobalSection
	GlobalSection(ProjectConfigurationPlatforms) = postSolution
		{D5806802-A8E6-4D46-87A9-788A5E2CC888}.Debug|Any CPU.ActiveCfg = Debug|Any CPU
		{D5806802-A8E6-4D46-87A9-788A5E2CC888}.Debug|Any CPU.Build.0 = Debug|Any CPU
		{D5806802-A8E6-4D46-87A9-788A5E2CC888}.Release|Any CPU.ActiveCfg = Release|Any CPU
		{D5806802-A8E6-4D46-87A9-788A5E2CC888}.Release|Any CPU.Build.0 = Release|Any CPU
	EndGlobalSection
	GlobalSection(SolutionProperties) = preSolution
		HideSolutionNode = FALSE
	EndGlobalSection
	GlobalSection(ExtensibilityGlobals) = postSolution
		SolutionGuid = {7E9A0332-F8FD-4DED-BEE1-1B06D8E0857B}
	EndGlobalSection
EndGlobal
